
Microsoft Visual Studio Solution File, Format Version 12.00
# Visual Studio 14
VisualStudioVersion = 14.0.25420.1
MinimumVisualStudioVersion = 10.0.40219.1
Project("{FAE04EC0-301F-11D3-BF4B-00C04F79EFBC}") = "Neo4j_VisualTest", "Neo4j_VisualTest\Neo4j_VisualTest.csproj", "{FC4136A0-AF9F-4F86-AAF4-9F36B1A9155B}"
EndProject
Global
	GlobalSection(SolutionConfigurationPlatforms) = preSolution
		Debug|Any CPU = Debug|Any CPU
		Release|Any CPU = Release|Any CPU
	EndGlobalSection
	GlobalSection(ProjectConfigurationPlatforms) = postSolution
		{FC4136A0-AF9F-4F86-AAF4-9F36B1A9155B}.Debug|Any CPU.ActiveCfg = Debug|Any CPU
		{FC4136A0-AF9F-4F86-AAF4-9F36B1A9155B}.Debug|Any CPU.Build.0 = Debug|Any CPU
		{FC4136A0-AF9F-4F86-AAF4-9F36B1A9155B}.Release|Any CPU.ActiveCfg = Release|Any CPU
		{FC4136A0-AF9F-4F86-AAF4-9F36B1A9155B}.Release|Any CPU.Build.0 = Release|Any CPU
	EndGlobalSection
	GlobalSection(SolutionProperties) = preSolution
		HideSolutionNode = FALSE
	EndGlobalSection
EndGlobal
